Microsoft Visual Studio Solution File, Format Version 7.00
Project("{8BC9CEB8-8B4A-11D0-8D11-00A0C91BC942}") = "TWMapper", "TWMapper\TWMapper.vcproj", "{410D6BC3-2DF1-4C43-AF02-82D5CECD24AC}"
EndProject
Global
	GlobalSection(SolutionConfiguration) = preSolution
		ConfigName.0 = Debug
		ConfigName.1 = Release
	EndGlobalSection
	GlobalSection(ProjectDependencies) = postSolution
	EndGlobalSection
	GlobalSection(ProjectConfiguration) = postSolution
		{410D6BC3-2DF1-4C43-AF02-82D5CECD24AC}.Debug.ActiveCfg = Debug|Win32
		{410D6BC3-2DF1-4C43-AF02-82D5CECD24AC}.Debug.Build.0 = Debug|Win32
		{410D6BC3-2DF1-4C43-AF02-82D5CECD24AC}.Release.ActiveCfg = Release|Win32
		{410D6BC3-2DF1-4C43-AF02-82D5CECD24AC}.Release.Build.0 = Release|Win32
	EndGlobalSection
	GlobalSection(ExtensibilityGlobals) = postSolution
	EndGlobalSection
	GlobalSection(ExtensibilityAddIns) = postSolution
	EndGlobalSection
EndGlobal
